<?xml version="1.0" encoding="utf-8"?>
<Project ToolsVersion="4.0" xmlns="http://schemas.microsoft.com/developer/msbuild/2003">
  <ItemGroup>
    <Filter Include="Source Files">
      <UniqueIdentifier>{4FC737F1-C7A5-4376-A066-2A32D752A2FF}</UniqueIdentifier>
      <Extensions>cpp;c;cc;cxx;c++;def;odl;idl;hpj;bat;asm;asmx</Extensions>
    </Filter>
    <Filter Include="Header Files">
      <UniqueIdentifier>{93995380-89BD-4b04-88EB-625FBE52EBFB}</UniqueIdentifier>
      <Extensions>h;hh;hpp;hxx;h++;hm;inl;inc;ipp;xsd</Extensions>
    </Filter>
    <Filter Include="Resource Files">
      <UniqueIdentifier>{67DA6AB6-F800-4c08-8B7A-83BB121AAD01}</UniqueIdentifier>
      <Extensions>rc;ico;cur;bmp;dlg;rc2;rct;bin;rgs;gif;jpg;jpeg;jpe;resx;tiff;tif;png;wav;mfcribbon-ms</Extensions>
    </Filter>
    <Filter Include="Header Files\common">
      <UniqueIdentifier>{d5670c43-93ef-44ba-b47a-cbd0825b3cee}</UniqueIdentifier>
    </Filter>
    <Filter Include="Header Files\db">
      <UniqueIdentifier>{d5670c43-93ef-44ba-b47a-cbd0825b3cee}</UniqueIdentifier>
    </Filter>
    <Filter Include="Header Files\drivers">
    </Filter>
    <Filter Include="Header Files\effects">
    </Filter>
    <Filter Include="Header Files\engines">
    </Filter>
    <Filter Include="Header Files\network">
    </Filter>
    <Filter Include="Header Files\plugins">
    </Filter>
    <Filter Include="Header Files\scriptvm">
    </Filter>
    <Filter Include="Header Files\shell">
    </Filter>
    <Filter Include="Header Files\drivers\audio">
    </Filter>
    <Filter Include="Header Files\drivers\midi">
    </Filter>
    <Filter Include="Header Files\engines\common">
    </Filter>
    <Filter Include="Header Files\engines\gig">
    </Filter>
    <Filter Include="Header Files\engines\sf2">
    </Filter>
    <Filter Include="Header Files\engines\sfz">
    </Filter>
    <Filter Include="Header Files\scriptvm\editor">
    </Filter>
    <Filter Include="Header Files\scriptvm\examples">
    </Filter>
    <Filter Include="Source Files\common">
    </Filter>
    <Filter Include="Source Files\db">
    </Filter>
    <Filter Include="Source Files\drivers">
    </Filter>
    <Filter Include="Source Files\effects">
    </Filter>
    <Filter Include="Source Files\engines">
    </Filter>
    <Filter Include="Source Files\network">
    </Filter>
    <Filter Include="Source Files\plugins">
    </Filter>
    <Filter Include="Source Files\scriptvm">
    </Filter>
    <Filter Include="Source Files\shell">
    </Filter>
    <Filter Include="Source Files\drivers\audio">
    </Filter>
    <Filter Include="Source Files\drivers\midi">
    </Filter>
    <Filter Include="Source Files\engines\common">
    </Filter>
    <Filter Include="Source Files\engines\gig">
    </Filter>
    <Filter Include="Source Files\engines\sf2">
    </Filter>
    <Filter Include="Source Files\engines\sfz">
    </Filter>
    <Filter Include="Source Files\scriptvm\editor">
    </Filter>
    <Filter Include="Source Files\scriptvm\examples">
    </Filter>
    <Filter Include="Flex/Bison">
      <UniqueIdentifier>{99007368-d2bf-4a4b-adb9-5845cb31e43d}</UniqueIdentifier>
    </Filter>
  </ItemGroup>
  <ItemGroup>
    <ClInclude Include="..\src\common\ArrayList.h">
      <Filter>Header Files\common</Filter>
    </ClInclude>
    <ClInclude Include="..\src\common\atomic.h">
      <Filter>Header Files\common</Filter>
    </ClInclude>
    <ClInclude Include="..\src\common\ChangeFlagRelaxed.h">
      <Filter>Header Files\common</Filter>
    </ClInclude>
    <ClInclude Include="..\src\common\Condition.h">
      <Filter>Header Files\common</Filter>
    </ClInclude>
    <ClInclude Include="..\src\common\ConditionServer.h">
      <Filter>Header Files\common</Filter>
    </ClInclude>
    <ClInclude Include="..\src\common\ConstCapacityArray.h">
      <Filter>Header Files\common</Filter>
    </ClInclude>
    <ClInclude Include="..\src\common\DynamicLibraries.h">
      <Filter>Header Files\common</Filter>
    </ClInclude>
    <ClInclude Include="..\src\common\Exception.h">
      <Filter>Header Files\common</Filter>
    </ClInclude>
    <ClInclude Include="..\src\common\Features.h">
      <Filter>Header Files\common</Filter>
    </ClInclude>
    <ClInclude Include="..\src\common\File.h">
      <Filter>Header Files\common</Filter>
    </ClInclude>
    <ClInclude Include="..\src\common\global.h">
      <Filter>Header Files\common</Filter>
    </ClInclude>
    <ClInclude Include="..\src\common\global_private.h">
      <Filter>Header Files\common</Filter>
    </ClInclude>
    <ClInclude Include="..\src\common\IDGenerator.h">
      <Filter>Header Files\common</Filter>
    </ClInclude>
    <ClInclude Include="..\src\common\ladspa.h">
      <Filter>Header Files\common</Filter>
    </ClInclude>
    <ClInclude Include="..\src\common\lsatomic.h">
      <Filter>Header Files\common</Filter>
    </ClInclude>
    <ClInclude Include="..\src\common\Mutex.h">
      <Filter>Header Files\common</Filter>
    </ClInclude>
    <ClInclude Include="..\src\common\optional.h">
      <Filter>Header Files\common</Filter>
    </ClInclude>
    <ClInclude Include="..\src\common\Path.h">
      <Filter>Header Files\common</Filter>
    </ClInclude>
    <ClInclude Include="..\src\common\Pool.h">
      <Filter>Header Files\common</Filter>
    </ClInclude>
    <ClInclude Include="..\src\common\Ref.h">
      <Filter>Header Files\common</Filter>
    </ClInclude>
    <ClInclude Include="..\src\common\ResourceManager.h">
      <Filter>Header Files\common</Filter>
    </ClInclude>
    <ClInclude Include="..\src\common\RingBuffer.h">
      <Filter>Header Files\common</Filter>
    </ClInclude>
    <ClInclude Include="..\src\common\RTAVLTree.h">
      <Filter>Header Files\common</Filter>
    </ClInclude>
    <ClInclude Include="..\src\common\RTMath.h">
      <Filter>Header Files\common</Filter>
    </ClInclude>
    <ClInclude Include="..\src\common\stacktrace.h">
      <Filter>Header Files\common</Filter>
    </ClInclude>
    <ClInclude Include="..\src\common\SynchronizedConfig.h">
      <Filter>Header Files\common</Filter>
    </ClInclude>
    <ClInclude Include="..\src\common\Thread.h">
      <Filter>Header Files\common</Filter>
    </ClInclude>
    <ClInclude Include="..\src\common\WorkerThread.h">
      <Filter>Header Files\common</Filter>
    </ClInclude>
    <ClInclude Include="..\src\db\InstrumentsDb.h">
      <Filter>Header Files\db</Filter>
    </ClInclude>
    <ClInclude Include="..\src\db\InstrumentsDbUtilities.h">
      <Filter>Header Files\db</Filter>
    </ClInclude>
    <ClInclude Include="..\src\drivers\Device.h">
      <Filter>Header Files\drivers</Filter>
    </ClInclude>
    <ClInclude Include="..\src\drivers\DeviceParameter.h">
      <Filter>Header Files\drivers</Filter>
    </ClInclude>
    <ClInclude Include="..\src\drivers\DeviceParameterFactory.h">
      <Filter>Header Files\drivers</Filter>
    </ClInclude>
    <ClInclude Include="..\src\drivers\Plugin.h">
      <Filter>Header Files\drivers</Filter>
    </ClInclude>
    <ClInclude Include="..\src\drivers\audio\AudioChannel.h">
      <Filter>Header Files\drivers\audio</Filter>
    </ClInclude>
    <ClInclude Include="..\src\drivers\audio\AudioOutputDevice.h">
      <Filter>Header Files\drivers\audio</Filter>
    </ClInclude>
    <ClInclude Include="..\src\drivers\audio\AudioOutputDeviceAsio.h">
      <Filter>Header Files\drivers\audio</Filter>
    </ClInclude>
    <ClInclude Include="..\src\drivers\audio\AudioOutputDeviceFactory.h">
      <Filter>Header Files\drivers\audio</Filter>
    </ClInclude>
    <ClInclude Include="..\src\drivers\audio\AudioOutputDevicePlugin.h">
      <Filter>Header Files\drivers\audio</Filter>
    </ClInclude>
    <ClInclude Include="..\src\drivers\audio\iasiothiscallresolver.h">
      <Filter>Header Files\drivers\audio</Filter>
    </ClInclude>
    <ClInclude Include="..\src\drivers\midi\midi.h">
      <Filter>Header Files\drivers\midi</Filter>
    </ClInclude>
    <ClInclude Include="..\src\drivers\midi\MidiInputDevice.h">
      <Filter>Header Files\drivers\midi</Filter>
    </ClInclude>
    <ClInclude Include="..\src\drivers\midi\MidiInputDeviceFactory.h">
      <Filter>Header Files\drivers\midi</Filter>
    </ClInclude>
    <ClInclude Include="..\src\drivers\midi\MidiInputDeviceMme.h">
      <Filter>Header Files\drivers\midi</Filter>
    </ClInclude>
    <ClInclude Include="..\src\drivers\midi\MidiInputDevicePlugin.h">
      <Filter>Header Files\drivers\midi</Filter>
    </ClInclude>
    <ClInclude Include="..\src\drivers\midi\MidiInputPort.h">
      <Filter>Header Files\drivers\midi</Filter>
    </ClInclude>
    <ClInclude Include="..\src\drivers\midi\MidiInstrumentMapper.h">
      <Filter>Header Files\drivers\midi</Filter>
    </ClInclude>
    <ClInclude Include="..\src\drivers\midi\VirtualMidiDevice.h">
      <Filter>Header Files\drivers\midi</Filter>
    </ClInclude>
    <ClInclude Include="..\src\effects\Effect.h">
      <Filter>Header Files\effects</Filter>
    </ClInclude>
    <ClInclude Include="..\src\effects\EffectChain.h">
      <Filter>Header Files\effects</Filter>
    </ClInclude>
    <ClInclude Include="..\src\effects\EffectControl.h">
      <Filter>Header Files\effects</Filter>
    </ClInclude>
    <ClInclude Include="..\src\effects\EffectFactory.h">
      <Filter>Header Files\effects</Filter>
    </ClInclude>
    <ClInclude Include="..\src\effects\EffectInfo.h">
      <Filter>Header Files\effects</Filter>
    </ClInclude>
    <ClInclude Include="..\src\effects\LadspaEffect.h">
      <Filter>Header Files\effects</Filter>
    </ClInclude>
    <ClInclude Include="..\src\engines\common\AbstractInstrumentManager.h">
      <Filter>Header Files\engines\common</Filter>
    </ClInclude>
    <ClInclude Include="..\src\engines\common\AbstractVoice.h">
      <Filter>Header Files\engines\common</Filter>
    </ClInclude>
    <ClInclude Include="..\src\engines\common\BiquadFilter.h">
      <Filter>Header Files\engines\common</Filter>
    </ClInclude>
    <ClInclude Include="..\src\engines\common\DiskThreadBase.h">
      <Filter>Header Files\engines\common</Filter>
    </ClInclude>
    <ClInclude Include="..\src\engines\common\EaseInEaseOut.h">
      <Filter>Header Files\engines\common</Filter>
    </ClInclude>
    <ClInclude Include="..\src\engines\common\EG.h">
      <Filter>Header Files\engines\common</Filter>
    </ClInclude>
    <ClInclude Include="..\src\engines\common\Event.h">
      <Filter>Header Files\engines\common</Filter>
    </ClInclude>
    <ClInclude Include="..\src\engines\common\Fade.h">
      <Filter>Header Files\engines\common</Filter>
    </ClInclude>
    <ClInclude Include="..\src\engines\common\InstrumentScriptVM.h">
      <Filter>Header Files\engines\common</Filter>
    </ClInclude>
    <ClInclude Include="..\src\engines\common\InstrumentScriptVMDynVars.h">
      <Filter>Header Files\engines\common</Filter>
    </ClInclude>
    <ClInclude Include="..\src\engines\common\InstrumentScriptVMFunctions.h">
      <Filter>Header Files\engines\common</Filter>
    </ClInclude>
    <ClInclude Include="..\src\engines\common\LFOBase.h">
      <Filter>Header Files\engines\common</Filter>
    </ClInclude>
    <ClInclude Include="..\src\engines\common\LFOTriangleDiHarmonic.h">
      <Filter>Header Files\engines\common</Filter>
    </ClInclude>
    <ClInclude Include="..\src\engines\common\LFOTriangleIntAbsMath.h">
      <Filter>Header Files\engines\common</Filter>
    </ClInclude>
    <ClInclude Include="..\src\engines\common\LFOTriangleIntMath.h">
      <Filter>Header Files\engines\common</Filter>
    </ClInclude>
    <ClInclude Include="..\src\engines\common\MidiKeyboardManager.h">
      <Filter>Header Files\engines\common</Filter>
    </ClInclude>
    <ClInclude Include="..\src\engines\common\Note.h">
      <Filter>Header Files\engines\common</Filter>
    </ClInclude>
    <ClInclude Include="..\src\engines\common\PulseLFO.h">
      <Filter>Header Files\engines\common</Filter>
    </ClInclude>
    <ClInclude Include="..\src\engines\common\Resampler.h">
      <Filter>Header Files\engines\common</Filter>
    </ClInclude>
    <ClInclude Include="..\src\engines\common\Sample.h">
      <Filter>Header Files\engines\common</Filter>
    </ClInclude>
    <ClInclude Include="..\src\engines\common\SampleFile.h">
      <Filter>Header Files\engines\common</Filter>
    </ClInclude>
    <ClInclude Include="..\src\engines\common\SampleManager.h">
      <Filter>Header Files\engines\common</Filter>
    </ClInclude>
    <ClInclude Include="..\src\engines\common\SawLFO.h">
      <Filter>Header Files\engines\common</Filter>
    </ClInclude>
    <ClInclude Include="..\src\engines\common\SignalUnit.h">
      <Filter>Header Files\engines\common</Filter>
    </ClInclude>
    <ClInclude Include="..\src\engines\common\SignalUnitRack.h">
      <Filter>Header Files\engines\common</Filter>
    </ClInclude>
    <ClInclude Include="..\src\engines\common\SineLFO.h">
      <Filter>Header Files\engines\common</Filter>
    </ClInclude>
    <ClInclude Include="..\src\engines\common\Stream.h">
      <Filter>Header Files\engines\common</Filter>
    </ClInclude>
    <ClInclude Include="..\src\engines\common\StreamBase.h">
      <Filter>Header Files\engines\common</Filter>
    </ClInclude>
    <ClInclude Include="..\src\engines\common\Voice.h">
      <Filter>Header Files\engines\common</Filter>
    </ClInclude>
    <ClInclude Include="..\src\engines\common\VoiceBase.h">
      <Filter>Header Files\engines\common</Filter>
    </ClInclude>
    <ClInclude Include="..\src\engines\gig\DiskThread.h">
      <Filter>Header Files\engines\gig</Filter>
    </ClInclude>
    <ClInclude Include="..\src\engines\gig\EGADSR.h">
      <Filter>Header Files\engines\gig</Filter>
    </ClInclude>
    <ClInclude Include="..\src\engines\gig\EGDecay.h">
      <Filter>Header Files\engines\gig</Filter>
    </ClInclude>
    <ClInclude Include="..\src\engines\gig\Engine.h">
      <Filter>Header Files\engines\gig</Filter>
    </ClInclude>
    <ClInclude Include="..\src\engines\gig\EngineChannel.h">
      <Filter>Header Files\engines\gig</Filter>
    </ClInclude>
    <ClInclude Include="..\src\engines\gig\EngineGlobals.h">
      <Filter>Header Files\engines\gig</Filter>
    </ClInclude>
    <ClInclude Include="..\src\engines\gig\Filter.h">
      <Filter>Header Files\engines\gig</Filter>
    </ClInclude>
    <ClInclude Include="..\src\engines\gig\InstrumentResourceManager.h">
      <Filter>Header Files\engines\gig</Filter>
    </ClInclude>
    <ClInclude Include="..\src\engines\gig\InstrumentScriptVM.h">
      <Filter>Header Files\engines\gig</Filter>
    </ClInclude>
    <ClInclude Include="..\src\engines\gig\InstrumentScriptVMFunctions.h">
      <Filter>Header Files\engines\gig</Filter>
    </ClInclude>
    <ClInclude Include="..\src\engines\gig\Profiler.h">
      <Filter>Header Files\engines\gig</Filter>
    </ClInclude>
    <ClInclude Include="..\src\engines\gig\SmoothVolume.h">
      <Filter>Header Files\engines\gig</Filter>
    </ClInclude>
    <ClInclude Include="..\src\engines\gig\Stream.h">
      <Filter>Header Files\engines\gig</Filter>
    </ClInclude>
    <ClInclude Include="..\src\engines\gig\SynthesisParam.h">
      <Filter>Header Files\engines\gig</Filter>
    </ClInclude>
    <ClInclude Include="..\src\engines\gig\Synthesizer.h">
      <Filter>Header Files\engines\gig</Filter>
    </ClInclude>
    <ClInclude Include="..\src\engines\gig\Voice.h">
      <Filter>Header Files\engines\gig</Filter>
    </ClInclude>
    <ClInclude Include="..\src\engines\sf2\DiskThread.h">
      <Filter>Header Files\engines\sf2</Filter>
    </ClInclude>
    <ClInclude Include="..\src\engines\sf2\Engine.h">
      <Filter>Header Files\engines\sf2</Filter>
    </ClInclude>
    <ClInclude Include="..\src\engines\sf2\EngineChannel.h">
      <Filter>Header Files\engines\sf2</Filter>
    </ClInclude>
    <ClInclude Include="..\src\engines\sf2\InstrumentResourceManager.h">
      <Filter>Header Files\engines\sf2</Filter>
    </ClInclude>
    <ClInclude Include="..\src\engines\sf2\SF2SignalUnitRack.h">
      <Filter>Header Files\engines\sf2</Filter>
    </ClInclude>
    <ClInclude Include="..\src\engines\sf2\Stream.h">
      <Filter>Header Files\engines\sf2</Filter>
    </ClInclude>
    <ClInclude Include="..\src\engines\sf2\Voice.h">
      <Filter>Header Files\engines\sf2</Filter>
    </ClInclude>
    <ClInclude Include="..\src\engines\sfz\DiskThread.h">
      <Filter>Header Files\engines\sfz</Filter>
    </ClInclude>
    <ClInclude Include="..\src\engines\sfz\EG.h">
      <Filter>Header Files\engines\sfz</Filter>
    </ClInclude>
    <ClInclude Include="..\src\engines\sfz\EGADSR.h">
      <Filter>Header Files\engines\sfz</Filter>
    </ClInclude>
    <ClInclude Include="..\src\engines\sfz\Engine.h">
      <Filter>Header Files\engines\sfz</Filter>
    </ClInclude>
    <ClInclude Include="..\src\engines\sfz\EngineChannel.h">
      <Filter>Header Files\engines\sfz</Filter>
    </ClInclude>
    <ClInclude Include="..\src\engines\sfz\InstrumentResourceManager.h">
      <Filter>Header Files\engines\sfz</Filter>
    </ClInclude>
    <ClInclude Include="..\src\engines\sfz\InstrumentScriptVM.h">
      <Filter>Header Files\engines\sfz</Filter>
    </ClInclude>
    <ClInclude Include="..\src\engines\sfz\LookupTable.h">
      <Filter>Header Files\engines\sfz</Filter>
    </ClInclude>
    <ClInclude Include="..\src\engines\sfz\sfz.h">
      <Filter>Header Files\engines\sfz</Filter>
    </ClInclude>
    <ClInclude Include="..\src\engines\sfz\SfzSignalUnitRack.h">
      <Filter>Header Files\engines\sfz</Filter>
    </ClInclude>
    <ClInclude Include="..\src\engines\sfz\Stream.h">
      <Filter>Header Files\engines\sfz</Filter>
    </ClInclude>
    <ClInclude Include="..\src\engines\sfz\Voice.h">
      <Filter>Header Files\engines\sfz</Filter>
    </ClInclude>
    <ClInclude Include="..\src\engines\AbstractEngine.h">
      <Filter>Header Files\engines</Filter>
    </ClInclude>
    <ClInclude Include="..\src\engines\AbstractEngineChannel.h">
      <Filter>Header Files\engines</Filter>
    </ClInclude>
    <ClInclude Include="..\src\engines\Engine.h">
      <Filter>Header Files\engines</Filter>
    </ClInclude>
    <ClInclude Include="..\src\engines\EngineBase.h">
      <Filter>Header Files\engines</Filter>
    </ClInclude>
    <ClInclude Include="..\src\engines\EngineChannel.h">
      <Filter>Header Files\engines</Filter>
    </ClInclude>
    <ClInclude Include="..\src\engines\EngineChannelBase.h">
      <Filter>Header Files\engines</Filter>
    </ClInclude>
    <ClInclude Include="..\src\engines\EngineChannelFactory.h">
      <Filter>Header Files\engines</Filter>
    </ClInclude>
    <ClInclude Include="..\src\engines\EngineFactory.h">
      <Filter>Header Files\engines</Filter>
    </ClInclude>
    <ClInclude Include="..\src\engines\FxSend.h">
      <Filter>Header Files\engines</Filter>
    </ClInclude>
    <ClInclude Include="..\src\engines\InstrumentManager.h">
      <Filter>Header Files\engines</Filter>
    </ClInclude>
    <ClInclude Include="..\src\engines\InstrumentManagerBase.h">
      <Filter>Header Files\engines</Filter>
    </ClInclude>
    <ClInclude Include="..\src\engines\InstrumentManagerThread.h">
      <Filter>Header Files\engines</Filter>
    </ClInclude>
    <ClInclude Include="..\src\network\lscp.h">
      <Filter>Header Files\network</Filter>
    </ClInclude>
    <ClInclude Include="..\src\network\lscp_shell_reference.h">
      <Filter>Header Files\network</Filter>
    </ClInclude>
    <ClInclude Include="..\src\network\lscpevent.h">
      <Filter>Header Files\network</Filter>
    </ClInclude>
    <ClInclude Include="..\src\network\lscpparser.h">
      <Filter>Header Files\network</Filter>
    </ClInclude>
    <ClInclude Include="..\src\network\lscpresultset.h">
      <Filter>Header Files\network</Filter>
    </ClInclude>
    <ClInclude Include="..\src\network\lscpserver.h">
      <Filter>Header Files\network</Filter>
    </ClInclude>
    <ClInclude Include="..\src\network\lscpsymbols.h">
      <Filter>Header Files\network</Filter>
    </ClInclude>
    <ClInclude Include="..\src\scriptvm\common.h">
      <Filter>Header Files\scriptvm</Filter>
    </ClInclude>
    <ClInclude Include="..\src\scriptvm\CoreVMDynVars.h">
      <Filter>Header Files\scriptvm</Filter>
    </ClInclude>
    <ClInclude Include="..\src\scriptvm\CoreVMFunctions.h">
      <Filter>Header Files\scriptvm</Filter>
    </ClInclude>
    <ClInclude Include="..\src\scriptvm\parser.h">
      <Filter>Header Files\scriptvm</Filter>
    </ClInclude>
    <ClInclude Include="..\src\scriptvm\parser_shared.h">
      <Filter>Header Files\scriptvm</Filter>
    </ClInclude>
    <ClInclude Include="..\src\scriptvm\tree.h">
      <Filter>Header Files\scriptvm</Filter>
    </ClInclude>
    <ClInclude Include="..\src\Sampler.h">
      <Filter>Header Files</Filter>
    </ClInclude>
    <ClInclude Include="..\src\EventListeners.h">
      <Filter>Header Files</Filter>
    </ClInclude>
    <ClInclude Include="stdafx.h">
      <Filter>Header Files</Filter>
    </ClInclude>
    <ClInclude Include="config.h">
      <Filter>Header Files</Filter>
    </ClInclude>
    <ClInclude Include="..\src\scriptvm\editor\CodeScanner.h">
      <Filter>Header Files</Filter>
    </ClInclude>
    <ClInclude Include="..\src\scriptvm\editor\NkspScanner.h">
      <Filter>Header Files</Filter>
    </ClInclude>
    <ClInclude Include="..\src\scriptvm\editor\SourceToken.h">
      <Filter>Header Files</Filter>
    </ClInclude>
    <ClInclude Include="..\src\plugins\InstrumentEditorFactory.h">
      <Filter>Header Files\plugins</Filter>
    </ClInclude>
    <ClInclude Include="..\src\plugins\InstrumentEditor.h">
      <Filter>Header Files\plugins</Filter>
    </ClInclude>
    <ClInclude Include="..\src\scriptvm\ScriptVMFactory.h">
      <Filter>Header Files\scriptvm</Filter>
    </ClInclude>
    <ClInclude Include="..\src\scriptvm\ScriptVM.h">
      <Filter>Header Files\scriptvm</Filter>
    </ClInclude>
  </ItemGroup>
  <ItemGroup>
    <ClCompile Include="..\src\common\DynamicLibraries.cpp">
      <Filter>Source Files\common</Filter>
    </ClCompile>
    <ClCompile Include="..\src\common\Features.cpp">
      <Filter>Source Files\common</Filter>
    </ClCompile>
    <ClCompile Include="..\src\common\File.cpp">
      <Filter>Source Files\common</Filter>
    </ClCompile>
    <ClCompile Include="..\src\common\global_private.cpp">
      <Filter>Source Files\common</Filter>
    </ClCompile>
    <ClCompile Include="..\src\common\IDGenerator.cpp">
      <Filter>Source Files\common</Filter>
    </ClCompile>
    <ClCompile Include="..\src\common\Mutex.cpp">
      <Filter>Source Files\common</Filter>
    </ClCompile>
    <ClCompile Include="..\src\common\optional.cpp">
      <Filter>Source Files\common</Filter>
    </ClCompile>
    <ClCompile Include="..\src\common\Path.cpp">
      <Filter>Source Files\common</Filter>
    </ClCompile>
    <ClCompile Include="..\src\common\Ref.cpp">
      <Filter>Source Files\common</Filter>
    </ClCompile>
    <ClCompile Include="..\src\common\RTMath.cpp">
      <Filter>Source Files\common</Filter>
    </ClCompile>
    <ClCompile Include="..\src\common\stacktrace.c">
      <Filter>Source Files\common</Filter>
    </ClCompile>
    <ClCompile Include="..\src\common\Thread.cpp">
      <Filter>Source Files\common</Filter>
    </ClCompile>
    <ClCompile Include="..\src\common\WorkerThread.cpp">
      <Filter>Source Files\common</Filter>
    </ClCompile>
    <ClCompile Include="..\src\db\InstrumentsDb.cpp">
      <Filter>Source Files\db</Filter>
    </ClCompile>
    <ClCompile Include="..\src\db\InstrumentsDbUtilities.cpp">
      <Filter>Source Files\db</Filter>
    </ClCompile>
    <ClCompile Include="..\src\drivers\audio\iasiothiscallresolver.cpp">
      <Filter>Source Files\drivers\audio</Filter>
    </ClCompile>
    <ClCompile Include="..\src\drivers\midi\MidiInputDevice.cpp">
      <Filter>Source Files\drivers\midi</Filter>
    </ClCompile>
    <ClCompile Include="..\src\drivers\midi\MidiInputDeviceFactory.cpp">
      <Filter>Source Files\drivers\midi</Filter>
    </ClCompile>
    <ClCompile Include="..\src\drivers\midi\MidiInputDeviceMme.cpp">
      <Filter>Source Files\drivers\midi</Filter>
    </ClCompile>
    <ClCompile Include="..\src\drivers\midi\MidiInputDevicePlugin.cpp">
      <Filter>Source Files\drivers\midi</Filter>
    </ClCompile>
    <ClCompile Include="..\src\drivers\midi\MidiInputPort.cpp">
      <Filter>Source Files\drivers\midi</Filter>
    </ClCompile>
    <ClCompile Include="..\src\drivers\midi\VirtualMidiDevice.cpp">
      <Filter>Source Files\drivers\midi</Filter>
    </ClCompile>
    <ClCompile Include="..\src\effects\Effect.cpp">
      <Filter>Source Files\effects</Filter>
    </ClCompile>
    <ClCompile Include="..\src\effects\EffectChain.cpp">
      <Filter>Source Files\effects</Filter>
    </ClCompile>
    <ClCompile Include="..\src\effects\EffectControl.cpp">
      <Filter>Source Files\effects</Filter>
    </ClCompile>
    <ClCompile Include="..\src\effects\EffectFactory.cpp">
      <Filter>Source Files\effects</Filter>
    </ClCompile>
    <ClCompile Include="..\src\effects\LadspaEffect.cpp">
      <Filter>Source Files\effects</Filter>
    </ClCompile>
    <ClCompile Include="..\src\engines\common\EG.cpp">
      <Filter>Source Files\engines\common</Filter>
    </ClCompile>
    <ClCompile Include="..\src\engines\common\Event.cpp">
      <Filter>Source Files\engines\common</Filter>
    </ClCompile>
    <ClCompile Include="..\src\engines\common\InstrumentScriptVM.cpp">
      <Filter>Source Files\engines\common</Filter>
    </ClCompile>
    <ClCompile Include="..\src\engines\common\InstrumentScriptVMDynVars.cpp">
      <Filter>Source Files\engines\common</Filter>
    </ClCompile>
    <ClCompile Include="..\src\engines\common\InstrumentScriptVMFunctions.cpp">
      <Filter>Source Files\engines\common</Filter>
    </ClCompile>
    <ClCompile Include="..\src\engines\common\ModulatorGraph.cpp">
      <Filter>Source Files\engines\common</Filter>
    </ClCompile>
    <ClCompile Include="..\src\engines\common\SampleFile.cpp">
      <Filter>Source Files\engines\common</Filter>
    </ClCompile>
    <ClCompile Include="..\src\engines\common\SignalUnit.cpp">
      <Filter>Source Files\engines\common</Filter>
    </ClCompile>
    <ClCompile Include="..\src\engines\common\StreamBase.cpp">
      <Filter>Source Files\engines\common</Filter>
    </ClCompile>
    <ClCompile Include="..\src\engines\gig\EGDecay.cpp">
      <Filter>Source Files\engines\gig</Filter>
    </ClCompile>
    <ClCompile Include="..\src\engines\gig\Filter.cpp">
      <Filter>Source Files\engines\gig</Filter>
    </ClCompile>
    <ClCompile Include="..\src\engines\gig\Profiler.cpp">
      <Filter>Source Files\engines\gig</Filter>
    </ClCompile>
    <ClCompile Include="..\src\engines\gig\SmoothVolume.cpp">
      <Filter>Source Files\engines\gig</Filter>
    </ClCompile>
    <ClCompile Include="..\src\engines\gig\Synthesizer.cpp">
      <Filter>Source Files\engines\gig</Filter>
    </ClCompile>
    <ClCompile Include="..\src\engines\sf2\SF2SignalUnitRack.cpp">
      <Filter>Source Files\engines\sf2</Filter>
    </ClCompile>
    <ClCompile Include="..\src\engines\sfz\LookupTable.cpp">
      <Filter>Source Files\engines\sfz</Filter>
    </ClCompile>
    <ClCompile Include="..\src\engines\sfz\sfz.cpp">
      <Filter>Source Files\engines\sfz</Filter>
    </ClCompile>
    <ClCompile Include="..\src\engines\sfz\SfzSignalUnitRack.cpp">
      <Filter>Source Files\engines\sfz</Filter>
    </ClCompile>
    <ClCompile Include="..\src\engines\Engine.cpp">
      <Filter>Source Files\engines</Filter>
    </ClCompile>
    <ClCompile Include="..\src\engines\EngineChannel.cpp">
      <Filter>Source Files\engines</Filter>
    </ClCompile>
    <ClCompile Include="..\src\engines\EngineChannelFactory.cpp">
      <Filter>Source Files\engines</Filter>
    </ClCompile>
    <ClCompile Include="..\src\engines\EngineFactory.cpp">
      <Filter>Source Files\engines</Filter>
    </ClCompile>
    <ClCompile Include="..\src\engines\FxSend.cpp">
      <Filter>Source Files\engines</Filter>
    </ClCompile>
    <ClCompile Include="..\src\engines\InstrumentManager.cpp">
      <Filter>Source Files\engines</Filter>
    </ClCompile>
    <ClCompile Include="..\src\engines\InstrumentManagerThread.cpp">
      <Filter>Source Files\engines</Filter>
    </ClCompile>
    <ClCompile Include="..\src\network\lscpevent.cpp">
      <Filter>Source Files\network</Filter>
    </ClCompile>
    <ClCompile Include="..\src\network\lscpresultset.cpp">
      <Filter>Source Files\network</Filter>
    </ClCompile>
    <ClCompile Include="..\src\network\lscpserver.cpp">
      <Filter>Source Files\network</Filter>
    </ClCompile>
    <ClCompile Include="..\src\scriptvm\ScriptVM.cpp">
      <Filter>Source Files\scriptvm</Filter>
    </ClCompile>
    <ClCompile Include="..\src\scriptvm\ScriptVMFactory.cpp">
      <Filter>Source Files\scriptvm</Filter>
    </ClCompile>
    <ClCompile Include="..\src\scriptvm\tree.cpp">
      <Filter>Source Files\scriptvm</Filter>
    </ClCompile>
    <ClCompile Include="..\src\Sampler.cpp">
      <Filter>Source Files</Filter>
    </ClCompile>
    <ClCompile Include="..\src\linuxsampler.cpp">
      <Filter>Source Files</Filter>
    </ClCompile>
    <ClCompile Include="..\src\plugins\InstrumentEditor.cpp">
      <Filter>Source Files\plugins</Filter>
    </ClCompile>
    <ClCompile Include="..\src\plugins\InstrumentEditorFactory.cpp">
      <Filter>Source Files\plugins</Filter>
    </ClCompile>
    <ClCompile Include="stdafx.cpp">
      <Filter>Source Files</Filter>
    </ClCompile>
    <ClCompile Include="..\src\scriptvm\editor\NkspScanner.cpp">
      <Filter>Source Files\scriptvm\editor</Filter>
    </ClCompile>
    <ClCompile Include="..\src\engines\gig\EGADSR.cpp">
      <Filter>Source Files\engines\gig</Filter>
    </ClCompile>
    <ClCompile Include="..\src\engines\gig\Engine.cpp">
      <Filter>Source Files\engines\gig</Filter>
    </ClCompile>
    <ClCompile Include="..\src\engines\gig\EngineChannel.cpp">
      <Filter>Source Files\engines\gig</Filter>
    </ClCompile>
    <ClCompile Include="..\src\engines\gig\InstrumentResourceManager.cpp">
      <Filter>Source Files\engines\gig</Filter>
    </ClCompile>
    <ClCompile Include="..\src\engines\gig\InstrumentScriptVM.cpp">
      <Filter>Source Files\engines\gig</Filter>
    </ClCompile>
    <ClCompile Include="..\src\engines\gig\InstrumentScriptVMFunctions.cpp">
      <Filter>Source Files\engines\gig</Filter>
    </ClCompile>
    <ClCompile Include="..\src\engines\gig\Stream.cpp">
      <Filter>Source Files\engines\gig</Filter>
    </ClCompile>
    <ClCompile Include="..\src\engines\gig\Voice.cpp">
      <Filter>Source Files\engines\gig</Filter>
    </ClCompile>
    <ClCompile Include="..\src\engines\sf2\Engine.cpp">
      <Filter>Source Files\engines\sf2</Filter>
    </ClCompile>
    <ClCompile Include="..\src\engines\sf2\EngineChannel.cpp">
      <Filter>Source Files\engines\sf2</Filter>
    </ClCompile>
    <ClCompile Include="..\src\engines\sf2\InstrumentResourceManager.cpp">
      <Filter>Source Files\engines\sf2</Filter>
    </ClCompile>
    <ClCompile Include="..\src\engines\sf2\Stream.cpp">
      <Filter>Source Files\engines\sf2</Filter>
    </ClCompile>
    <ClCompile Include="..\src\engines\sf2\Voice.cpp">
      <Filter>Source Files\engines\sf2</Filter>
    </ClCompile>
    <ClCompile Include="..\src\engines\sfz\EG.cpp">
      <Filter>Source Files\engines\sfz</Filter>
    </ClCompile>
    <ClCompile Include="..\src\engines\sfz\EGADSR.cpp">
      <Filter>Source Files\engines\sfz</Filter>
    </ClCompile>
    <ClCompile Include="..\src\engines\sfz\Engine.cpp">
      <Filter>Source Files\engines\sfz</Filter>
    </ClCompile>
    <ClCompile Include="..\src\engines\sfz\EngineChannel.cpp">
      <Filter>Source Files\engines\sfz</Filter>
    </ClCompile>
    <ClCompile Include="..\src\engines\sfz\InstrumentResourceManager.cpp">
      <Filter>Source Files\engines\sfz</Filter>
    </ClCompile>
    <ClCompile Include="..\src\engines\sfz\InstrumentScriptVM.cpp">
      <Filter>Source Files\engines\sfz</Filter>
    </ClCompile>
    <ClCompile Include="..\src\engines\sfz\Stream.cpp">
      <Filter>Source Files\engines\sfz</Filter>
    </ClCompile>
    <ClCompile Include="..\src\engines\sfz\Voice.cpp">
      <Filter>Source Files\engines\sfz</Filter>
    </ClCompile>
    <ClCompile Include="..\src\scriptvm\scanner.flex.cpp">
      <Filter>Source Files\scriptvm</Filter>
    </ClCompile>
    <ClCompile Include="..\src\scriptvm\parser.cpp">
      <Filter>Source Files\scriptvm</Filter>
    </ClCompile>
    <ClCompile Include="..\src\network\lscpparser.cpp">
      <Filter>Source Files\network</Filter>
    </ClCompile>
    <ClCompile Include="..\src\network\lscp_shell_reference.cpp">
      <Filter>Source Files\network</Filter>
    </ClCompile>
    <ClCompile Include="..\src\engines\AbstractEngineChannel.cpp">
      <Filter>Source Files\engines</Filter>
    </ClCompile>
    <ClCompile Include="..\src\engines\AbstractEngine.cpp">
      <Filter>Source Files\engines</Filter>
    </ClCompile>
    <ClCompile Include="..\src\engines\common\AbstractInstrumentManager.cpp">
      <Filter>Source Files\engines\common</Filter>
    </ClCompile>
    <ClCompile Include="..\src\engines\common\AbstractVoice.cpp">
      <Filter>Source Files\engines\common</Filter>
    </ClCompile>
    <ClCompile Include="..\src\drivers\audio\asiosdk-asio.cpp">
      <Filter>Source Files\drivers\audio</Filter>
    </ClCompile>
    <ClCompile Include="..\src\drivers\audio\asiosdk-asiodrivers.cpp">
      <Filter>Source Files\drivers\audio</Filter>
    </ClCompile>
    <ClCompile Include="..\src\drivers\audio\asiosdk-asiolist.cpp">
      <Filter>Source Files\drivers\audio</Filter>
    </ClCompile>
    <ClCompile Include="..\src\drivers\audio\AudioOutputDevicePlugin.cpp">
      <Filter>Source Files\drivers\audio</Filter>
    </ClCompile>
    <ClCompile Include="..\src\drivers\audio\AudioChannel.cpp">
      <Filter>Source Files\drivers\audio</Filter>
    </ClCompile>
    <ClCompile Include="..\src\drivers\audio\AudioOutputDevice.cpp">
      <Filter>Source Files\drivers\audio</Filter>
    </ClCompile>
    <ClCompile Include="..\src\drivers\audio\AudioOutputDeviceAsio.cpp">
      <Filter>Source Files\drivers\audio</Filter>
    </ClCompile>
    <ClCompile Include="..\src\drivers\audio\AudioOutputDeviceFactory.cpp">
      <Filter>Source Files\drivers\audio</Filter>
    </ClCompile>
    <ClCompile Include="..\src\scriptvm\common.cpp">
      <Filter>Source Files\scriptvm</Filter>
    </ClCompile>
    <ClCompile Include="..\src\scriptvm\editor\CodeScanner.cpp">
      <Filter>Source Files\scriptvm</Filter>
    </ClCompile>
    <ClCompile Include="..\src\scriptvm\CoreVMFunctions.cpp">
      <Filter>Source Files\scriptvm</Filter>
    </ClCompile>
    <ClCompile Include="..\src\scriptvm\CoreVMDynVars.cpp">
      <Filter>Source Files\scriptvm</Filter>
    </ClCompile>
    <ClCompile Include="..\src\common\ConditionServer.cpp">
      <Filter>Source Files\common</Filter>
    </ClCompile>
    <ClCompile Include="..\src\common\Condition.cpp">
      <Filter>Source Files\common</Filter>
    </ClCompile>
    <ClCompile Include="..\src\drivers\DeviceParameterFactory.cpp">
      <Filter>Source Files\drivers</Filter>
    </ClCompile>
    <ClCompile Include="..\src\drivers\DeviceParameter.cpp">
      <Filter>Source Files\drivers</Filter>
    </ClCompile>
    <ClCompile Include="..\src\drivers\Device.cpp">
      <Filter>Source Files\drivers</Filter>
    </ClCompile>
    <ClCompile Include="..\src\engines\sf2\DiskThread.cpp">
      <Filter>Source Files\engines\sf2</Filter>
    </ClCompile>
    <ClCompile Include="..\src\engines\sfz\DiskThread.cpp">
      <Filter>Source Files\engines\sfz</Filter>
    </ClCompile>
    <ClCompile Include="..\src\engines\gig\DiskThread.cpp">
      <Filter>Source Files\engines\gig</Filter>
    </ClCompile>
    <ClCompile Include="..\src\engines\common\DiskThreadBase.cpp">
      <Filter>Source Files\engines\common</Filter>
    </ClCompile>
    <ClCompile Include="revision.cpp">
      <Filter>Source Files</Filter>
    </ClCompile>
    <ClCompile Include="..\src\drivers\midi\MidiInstrumentMapper.cpp">
      <Filter>Source Files\drivers\midi</Filter>
    </ClCompile>
    <ClCompile Include="..\src\scriptvm\editor\nksp.flex.cpp">
      <Filter>Source Files\scriptvm\editor</Filter>
    </ClCompile>
    <ClCompile Include="..\src\drivers\Plugin.cpp">
      <Filter>Source Files\drivers</Filter>
    </ClCompile>
  </ItemGroup>
  <ItemGroup>
    <Bison Include="..\src\scriptvm\parser.y">
      <Filter>Flex/Bison</Filter>
    </Bison>
    <Bison Include="..\src\network\lscp.y">
      <Filter>Flex/Bison</Filter>
    </Bison>
  </ItemGroup>
  <ItemGroup>
    <Flex Include="..\src\scriptvm\scanner.l">
      <Filter>Flex/Bison</Filter>
    </Flex>
    <Flex Include="..\src\scriptvm\editor\nksp.l">
      <Filter>Flex/Bison</Filter>
    </Flex>
  </ItemGroup>
</Project>